
Microsoft Visual Studio Solution File, Format Version 12.00
# Visual Studio Version 16
VisualStudioVersion = 16.0.28803.202
MinimumVisualStudioVersion = 10.0.40219.1
Project("{FAE04EC0-301F-11D3-BF4B-00C04F79EFBC}") = "DigitaizerDart.WebApp", "DigitaizerDart.WebApp\DigitaizerDart.WebApp.csproj", "{2F98B2AE-186A-467B-B10D-B6F4AD1B08EA}"
EndProject
Global
	GlobalSection(SolutionConfigurationPlatforms) = preSolution
		Debug|Any CPU = Debug|Any CPU
		Release|Any CPU = Release|Any CPU
	EndGlobalSection
	GlobalSection(ProjectConfigurationPlatforms) = postSolution
		{2F98B2AE-186A-467B-B10D-B6F4AD1B08EA}.Debug|Any CPU.ActiveCfg = Debug|Any CPU
		{2F98B2AE-186A-467B-B10D-B6F4AD1B08EA}.Debug|Any CPU.Build.0 = Debug|Any CPU
		{2F98B2AE-186A-467B-B10D-B6F4AD1B08EA}.Release|Any CPU.ActiveCfg = Release|Any CPU
		{2F98B2AE-186A-467B-B10D-B6F4AD1B08EA}.Release|Any CPU.Build.0 = Release|Any CPU
	EndGlobalSection
	GlobalSection(SolutionProperties) = preSolution
		HideSolutionNode = FALSE
	EndGlobalSection
	GlobalSection(ExtensibilityGlobals) = postSolution
		SolutionGuid = {6BE28E2E-CFD6-4E4A-9EAD-6EB6CE835CD0}
	EndGlobalSection
EndGlobal
